// !$*UTF8*$!
{
	archiveVersion = 1;
	classes = {
	};
	objectVersion = 55;
	objects = {

/* Begin PBXBuildFile section */
		14FE9657DA3AF8FC5B054B22 /* Pods_shortly_shortlyUITests.framework in Frameworks */ = {isa = PBXBuildFile; fileRef = 8C004512A6859FB9F40B9341 /* Pods_shortly_shortlyUITests.framework */; };
		976739F63691BA44A218CFA7 /* Pods_shortlyTests.framework in Frameworks */ = {isa = PBXBuildFile; fileRef = 8B05A73C6E970A6B8D1D86E7 /* Pods_shortlyTests.framework */; };
		9F0115FA27DF7792005B0EBE /* linkList.swift in Sources */ = {isa = PBXBuildFile; fileRef = 9F0115F927DF7792005B0EBE /* linkList.swift */; };
		9F01160027DFA354005B0EBE /* ViewControllerlinkList.swift in Sources */ = {isa = PBXBuildFile; fileRef = 9F0115FF27DFA354005B0EBE /* ViewControllerlinkList.swift */; };
		9F1F752F27DE7A280054879E /* AppDelegate.swift in Sources */ = {isa = PBXBuildFile; fileRef = 9F1F752E27DE7A280054879E /* AppDelegate.swift */; };
		9F1F753127DE7A280054879E /* SceneDelegate.swift in Sources */ = {isa = PBXBuildFile; fileRef = 9F1F753027DE7A280054879E /* SceneDelegate.swift */; };
		9F1F753627DE7A280054879E /* Main.storyboard in Resources */ = {isa = PBXBuildFile; fileRef = 9F1F753427DE7A280054879E /* Main.storyboard */; };
		9F1F753927DE7A280054879E /* shortly.xcdatamodeld in Sources */ = {isa = PBXBuildFile; fileRef = 9F1F753727DE7A280054879E /* shortly.xcdatamodeld */; };
		9F1F753B27DE7A2C0054879E /* Assets.xcassets in Resources */ = {isa = PBXBuildFile; fileRef = 9F1F753A27DE7A2C0054879E /* Assets.xcassets */; };
		9F1F753E27DE7A2C0054879E /* LaunchScreen.storyboard in Resources */ = {isa = PBXBuildFile; fileRef = 9F1F753C27DE7A2C0054879E /* LaunchScreen.storyboard */; };
		9F1F754927DE7A2C0054879E /* shortlyTests.swift in Sources */ = {isa = PBXBuildFile; fileRef = 9F1F754827DE7A2C0054879E /* shortlyTests.swift */; };
		9F1F755327DE7A2C0054879E /* shortlyUITests.swift in Sources */ = {isa = PBXBuildFile; fileRef = 9F1F755227DE7A2C0054879E /* shortlyUITests.swift */; };
		9F1F755527DE7A2C0054879E /* shortlyUITestsLaunchTests.swift in Sources */ = {isa = PBXBuildFile; fileRef = 9F1F755427DE7A2C0054879E /* shortlyUITestsLaunchTests.swift */; };
		9F1F756227DE82E10054879E /* TableViewControllerhome.swift in Sources */ = {isa = PBXBuildFile; fileRef = 9F1F756127DE82E10054879E /* TableViewControllerhome.swift */; };
		9F1F756627DE8B780054879E /* TableViewControllertwopages.swift in Sources */ = {isa = PBXBuildFile; fileRef = 9F1F756527DE8B780054879E /* TableViewControllertwopages.swift */; };
		9F1F756827DEA5D30054879E /* CollectionViewCell.swift in Sources */ = {isa = PBXBuildFile; fileRef = 9F1F756727DEA5D30054879E /* CollectionViewCell.swift */; };
		9F1F756A27DEA8980054879E /* collection.swift in Sources */ = {isa = PBXBuildFile; fileRef = 9F1F756927DEA8970054879E /* collection.swift */; };
		A2F94C3EC301B521229DB7A9 /* Pods_shortly.framework in Frameworks */ = {isa = PBXBuildFile; fileRef = 1C0040C5D17ED5A6B2F6FCC1 /* Pods_shortly.framework */; };
/* End PBXBuildFile section */

/* Begin PBXContainerItemProxy section */
		9F1F754527DE7A2C0054879E /* PBXContainerItemProxy */ = {
			isa = PBXContainerItemProxy;
			containerPortal = 9F1F752327DE7A280054879E /* Project object */;
			proxyType = 1;
			remoteGlobalIDString = 9F1F752A27DE7A280054879E;
			remoteInfo = shortly;
		};
		9F1F754F27DE7A2C0054879E /* PBXContainerItemProxy */ = {
			isa = PBXContainerItemProxy;
			containerPortal = 9F1F752327DE7A280054879E /* Project object */;
			proxyType = 1;
			remoteGlobalIDString = 9F1F752A27DE7A280054879E;
			remoteInfo = shortly;
		};
/* End PBXContainerItemProxy section */

/* Begin PBXFileReference section */
		1C0040C5D17ED5A6B2F6FCC1 /* Pods_shortly.framework */ = {isa = PBXFileReference; explicitFileType = wrapper.framework; includeInIndex = 0; path = Pods_shortly.framework; sourceTree = BUILT_PRODUCTS_DIR; };
		5161D30EDA5B804EE2285DB3 /* Pods-shortlyTests.debug.xcconfig */ = {isa = PBXFileReference; includeInIndex = 1; lastKnownFileType = text.xcconfig; name = "Pods-shortlyTests.debug.xcconfig"; path = "Target Support Files/Pods-shortlyTests/Pods-shortlyTests.debug.xcconfig"; sourceTree = "<group>"; };
		717235FCBF7A887E713E9CEB /* Pods-shortly-shortlyUITests.debug.xcconfig */ = {isa = PBXFileReference; includeInIndex = 1; lastKnownFileType = text.xcconfig; name = "Pods-shortly-shortlyUITests.debug.xcconfig"; path = "Target Support Files/Pods-shortly-shortlyUITests/Pods-shortly-shortlyUITests.debug.xcconfig"; sourceTree = "<group>"; };
		777A34127B05E2FEE757339E /* Pods-shortlyTests.release.xcconfig */ = {isa = PBXFileReference; includeInIndex = 1; lastKnownFileType = text.xcconfig; name = "Pods-shortlyTests.release.xcconfig"; path = "Target Support Files/Pods-shortlyTests/Pods-shortlyTests.release.xcconfig"; sourceTree = "<group>"; };
		7E3ECC7A48061C914B12F734 /* Pods-shortly.release.xcconfig */ = {isa = PBXFileReference; includeInIndex = 1; lastKnownFileType = text.xcconfig; name = "Pods-shortly.release.xcconfig"; path = "Target Support Files/Pods-shortly/Pods-shortly.release.xcconfig"; sourceTree = "<group>"; };
		8B05A73C6E970A6B8D1D86E7 /* Pods_shortlyTests.framework */ = {isa = PBXFileReference; explicitFileType = wrapper.framework; includeInIndex = 0; path = Pods_shortlyTests.framework; sourceTree = BUILT_PRODUCTS_DIR; };
		8C004512A6859FB9F40B9341 /* Pods_shortly_shortlyUITests.framework */ = {isa = PBXFileReference; explicitFileType = wrapper.framework; includeInIndex = 0; path = Pods_shortly_shortlyUITests.framework; sourceTree = BUILT_PRODUCTS_DIR; };
		9F0115F927DF7792005B0EBE /* linkList.swift */ = {isa = PBXFileReference; lastKnownFileType = sourcecode.swift; path = linkList.swift; sourceTree = "<group>"; };
		9F0115FF27DFA354005B0EBE /* ViewControllerlinkList.swift */ = {isa = PBXFileReference; lastKnownFileType = sourcecode.swift; path = ViewControllerlinkList.swift; sourceTree = "<group>"; };
		9F1F752B27DE7A280054879E /* shortly.app */ = {isa = PBXFileReference; explicitFileType = wrapper.application; includeInIndex = 0; path = shortly.app; sourceTree = BUILT_PRODUCTS_DIR; };
		9F1F752E27DE7A280054879E /* AppDelegate.swift */ = {isa = PBXFileReference; lastKnownFileType = sourcecode.swift; path = AppDelegate.swift; sourceTree = "<group>"; };
		9F1F753027DE7A280054879E /* SceneDelegate.swift */ = {isa = PBXFileReference; lastKnownFileType = sourcecode.swift; path = SceneDelegate.swift; sourceTree = "<group>"; };
		9F1F753527DE7A280054879E /* Base */ = {isa = PBXFileReference; lastKnownFileType = file.storyboard; name = Base; path = Base.lproj/Main.storyboard; sourceTree = "<group>"; };
		9F1F753827DE7A280054879E /* shortly.xcdatamodel */ = {isa = PBXFileReference; lastKnownFileType = wrapper.xcdatamodel; path = shortly.xcdatamodel; sourceTree = "<group>"; };
		9F1F753A27DE7A2C0054879E /* Assets.xcassets */ = {isa = PBXFileReference; lastKnownFileType = folder.assetcatalog; path = Assets.xcassets; sourceTree = "<group>"; };
		9F1F753D27DE7A2C0054879E /* Base */ = {isa = PBXFileReference; lastKnownFileType = file.storyboard; name = Base; path = Base.lproj/LaunchScreen.storyboard; sourceTree = "<group>"; };
		9F1F753F27DE7A2C0054879E /* Info.plist */ = {isa = PBXFileReference; lastKnownFileType = text.plist.xml; path = Info.plist; sourceTree = "<group>"; };
		9F1F754427DE7A2C0054879E /* shortlyTests.xctest */ = {isa = PBXFileReference; explicitFileType = wrapper.cfbundle; includeInIndex = 0; path = shortlyTests.xctest; sourceTree = BUILT_PRODUCTS_DIR; };
		9F1F754827DE7A2C0054879E /* shortlyTests.swift */ = {isa = PBXFileReference; lastKnownFileType = sourcecode.swift; path = shortlyTests.swift; sourceTree = "<group>"; };
		9F1F754E27DE7A2C0054879E /* shortlyUITests.xctest */ = {isa = PBXFileReference; explicitFileType = wrapper.cfbundle; includeInIndex = 0; path = shortlyUITests.xctest; sourceTree = BUILT_PRODUCTS_DIR; };
		9F1F755227DE7A2C0054879E /* shortlyUITests.swift */ = {isa = PBXFileReference; lastKnownFileType = sourcecode.swift; path = shortlyUITests.swift; sourceTree = "<group>"; };
		9F1F755427DE7A2C0054879E /* shortlyUITestsLaunchTests.swift */ = {isa = PBXFileReference; lastKnownFileType = sourcecode.swift; path = shortlyUITestsLaunchTests.swift; sourceTree = "<group>"; };
		9F1F756127DE82E10054879E /* TableViewControllerhome.swift */ = {isa = PBXFileReference; lastKnownFileType = sourcecode.swift; path = TableViewControllerhome.swift; sourceTree = "<group>"; };
		9F1F756527DE8B780054879E /* TableViewControllertwopages.swift */ = {isa = PBXFileReference; lastKnownFileType = sourcecode.swift; path = TableViewControllertwopages.swift; sourceTree = "<group>"; };
		9F1F756727DEA5D30054879E /* CollectionViewCell.swift */ = {isa = PBXFileReference; lastKnownFileType = sourcecode.swift; path = CollectionViewCell.swift; sourceTree = "<group>"; };
		9F1F756927DEA8970054879E /* collection.swift */ = {isa = PBXFileReference; lastKnownFileType = sourcecode.swift; path = collection.swift; sourceTree = "<group>"; };
		B5A9A87A8EE7013FA995B4B2 /* Pods-shortly-shortlyUITests.release.xcconfig */ = {isa = PBXFileReference; includeInIndex = 1; lastKnownFileType = text.xcconfig; name = "Pods-shortly-shortlyUITests.release.xcconfig"; path = "Target Support Files/Pods-shortly-shortlyUITests/Pods-shortly-shortlyUITests.release.xcconfig"; sourceTree = "<group>"; };
		CFC3A11DF282C98F3ADFF5DB /* Pods-shortly.debug.xcconfig */ = {isa = PBXFileReference; includeInIndex = 1; lastKnownFileType = text.xcconfig; name = "Pods-shortly.debug.xcconfig"; path = "Target Support Files/Pods-shortly/Pods-shortly.debug.xcconfig"; sourceTree = "<group>"; };
/* End PBXFileReference section */

/* Begin PBXFrameworksBuildPhase section */
		9F1F752827DE7A280054879E /* Frameworks */ = {
			isa = PBXFrameworksBuildPhase;
			buildActionMask = 2147483647;
			files = (
				A2F94C3EC301B521229DB7A9 /* Pods_shortly.framework in Frameworks */,
			);
			runOnlyForDeploymentPostprocessing = 0;
		};
		9F1F754127DE7A2C0054879E /* Frameworks */ = {
			isa = PBXFrameworksBuildPhase;
			buildActionMask = 2147483647;
			files = (
				976739F63691BA44A218CFA7 /* Pods_shortlyTests.framework in Frameworks */,
			);
			runOnlyForDeploymentPostprocessing = 0;
		};
		9F1F754B27DE7A2C0054879E /* Frameworks */ = {
			isa = PBXFrameworksBuildPhase;
			buildActionMask = 2147483647;
			files = (
				14FE9657DA3AF8FC5B054B22 /* Pods_shortly_shortlyUITests.framework in Frameworks */,
			);
			runOnlyForDeploymentPostprocessing = 0;
		};
/* End PBXFrameworksBuildPhase section */

/* Begin PBXGroup section */
		3D38D0BD04DC2FCECA5950EF /* Frameworks */ = {
			isa = PBXGroup;
			children = (
				1C0040C5D17ED5A6B2F6FCC1 /* Pods_shortly.framework */,
				8C004512A6859FB9F40B9341 /* Pods_shortly_shortlyUITests.framework */,
				8B05A73C6E970A6B8D1D86E7 /* Pods_shortlyTests.framework */,
			);
			name = Frameworks;
			sourceTree = "<group>";
		};
		92B3761F2175DC1CE54C1F59 /* Pods */ = {
			isa = PBXGroup;
			children = (
				CFC3A11DF282C98F3ADFF5DB /* Pods-shortly.debug.xcconfig */,
				7E3ECC7A48061C914B12F734 /* Pods-shortly.release.xcconfig */,
				717235FCBF7A887E713E9CEB /* Pods-shortly-shortlyUITests.debug.xcconfig */,
				B5A9A87A8EE7013FA995B4B2 /* Pods-shortly-shortlyUITests.release.xcconfig */,
				5161D30EDA5B804EE2285DB3 /* Pods-shortlyTests.debug.xcconfig */,
				777A34127B05E2FEE757339E /* Pods-shortlyTests.release.xcconfig */,
			);
			path = Pods;
			sourceTree = "<group>";
		};
		9F0115F727DF6006005B0EBE /* View */ = {
			isa = PBXGroup;
			children = (
				9F1F756127DE82E10054879E /* TableViewControllerhome.swift */,
				9F1F756527DE8B780054879E /* TableViewControllertwopages.swift */,
				9F1F756727DEA5D30054879E /* CollectionViewCell.swift */,
				9F0115FF27DFA354005B0EBE /* ViewControllerlinkList.swift */,
			);
			path = View;
			sourceTree = "<group>";
		};
		9F0115F827DF776C005B0EBE /* File */ = {
			isa = PBXGroup;
			children = (
				9F1F756927DEA8970054879E /* collection.swift */,
				9F0115F927DF7792005B0EBE /* linkList.swift */,
			);
			path = File;
			sourceTree = "<group>";
		};
		9F1F752227DE7A280054879E = {
			isa = PBXGroup;
			children = (
				9F1F752D27DE7A280054879E /* shortly */,
				9F1F754727DE7A2C0054879E /* shortlyTests */,
				9F1F755127DE7A2C0054879E /* shortlyUITests */,
				9F1F752C27DE7A280054879E /* Products */,
				92B3761F2175DC1CE54C1F59 /* Pods */,
				3D38D0BD04DC2FCECA5950EF /* Frameworks */,
			);
			sourceTree = "<group>";
		};
		9F1F752C27DE7A280054879E /* Products */ = {
			isa = PBXGroup;
			children = (
				9F1F752B27DE7A280054879E /* shortly.app */,
				9F1F754427DE7A2C0054879E /* shortlyTests.xctest */,
				9F1F754E27DE7A2C0054879E /* shortlyUITests.xctest */,
			);
			name = Products;
			sourceTree = "<group>";
		};
		9F1F752D27DE7A280054879E /* shortly */ = {
			isa = PBXGroup;
			children = (
				9F0115F827DF776C005B0EBE /* File */,
				9F0115F727DF6006005B0EBE /* View */,
				9F1F752E27DE7A280054879E /* AppDelegate.swift */,
				9F1F753027DE7A280054879E /* SceneDelegate.swift */,
				9F1F753427DE7A280054879E /* Main.storyboard */,
				9F1F753A27DE7A2C0054879E /* Assets.xcassets */,
				9F1F753C27DE7A2C0054879E /* LaunchScreen.storyboard */,
				9F1F753F27DE7A2C0054879E /* Info.plist */,
				9F1F753727DE7A280054879E /* shortly.xcdatamodeld */,
			);
			path = shortly;
			sourceTree = "<group>";
		};
		9F1F754727DE7A2C0054879E /* shortlyTests */ = {
			isa = PBXGroup;
			children = (
				9F1F754827DE7A2C0054879E /* shortlyTests.swift */,
			);
			path = shortlyTests;
			sourceTree = "<group>";
		};
		9F1F755127DE7A2C0054879E /* shortlyUITests */ = {
			isa = PBXGroup;
			children = (
				9F1F755227DE7A2C0054879E /* shortlyUITests.swift */,
				9F1F755427DE7A2C0054879E /* shortlyUITestsLaunchTests.swift */,
			);
			path = shortlyUITests;
			sourceTree = "<group>";
		};
/* End PBXGroup section */

/* Begin PBXNativeTarget section */
		9F1F752A27DE7A280054879E /* shortly */ = {
			isa = PBXNativeTarget;
			buildConfigurationList = 9F1F755827DE7A2C0054879E /* Build configuration list for PBXNativeTarget "shortly" */;
			buildPhases = (
				57293E6DFD1040F5A1E0F818 /* [CP] Check Pods Manifest.lock */,
				9F1F752727DE7A280054879E /* Sources */,
				9F1F752827DE7A280054879E /* Frameworks */,
				9F1F752927DE7A280054879E /* Resources */,
				1DE9F08210CB32C944587532 /* [CP] Embed Pods Frameworks */,
			);
			buildRules = (
			);
			dependencies = (
			);
			name = shortly;
			productName = shortly;
			productReference = 9F1F752B27DE7A280054879E /* shortly.app */;
			productType = "com.apple.product-type.application";
		};
		9F1F754327DE7A2C0054879E /* shortlyTests */ = {
			isa = PBXNativeTarget;
			buildConfigurationList = 9F1F755B27DE7A2C0054879E /* Build configuration list for PBXNativeTarget "shortlyTests" */;
			buildPhases = (
				368874A5C5000862645A72B5 /* [CP] Check Pods Manifest.lock */,
				9F1F754027DE7A2C0054879E /* Sources */,
				9F1F754127DE7A2C0054879E /* Frameworks */,
				9F1F754227DE7A2C0054879E /* Resources */,
			);
			buildRules = (
			);
			dependencies = (
				9F1F754627DE7A2C0054879E /* PBXTargetDependency */,
			);
			name = shortlyTests;
			productName = shortlyTests;
			productReference = 9F1F754427DE7A2C0054879E /* shortlyTests.xctest */;
			productType = "com.apple.product-type.bundle.unit-test";
		};
		9F1F754D27DE7A2C0054879E /* shortlyUITests */ = {
			isa = PBXNativeTarget;
			buildConfigurationList = 9F1F755E27DE7A2C0054879E /* Build configuration list for PBXNativeTarget "shortlyUITests" */;
			buildPhases = (
				FB81FC7DBAB10685CE4904AA /* [CP] Check Pods Manifest.lock */,
				9F1F754A27DE7A2C0054879E /* Sources */,
				9F1F754B27DE7A2C0054879E /* Frameworks */,
				9F1F754C27DE7A2C0054879E /* Resources */,
				509C658B0E08C00A7C51DCC2 /* [CP] Embed Pods Frameworks */,
			);
			buildRules = (
			);
			dependencies = (
				9F1F755027DE7A2C0054879E /* PBXTargetDependency */,
			);
			name = shortlyUITests;
			productName = shortlyUITests;
			productReference = 9F1F754E27DE7A2C0054879E /* shortlyUITests.xctest */;
			productType = "com.apple.product-type.bundle.ui-testing";
		};
/* End PBXNativeTarget section */

/* Begin PBXProject section */
		9F1F752327DE7A280054879E /* Project object */ = {
			isa = PBXProject;
			attributes = {
				BuildIndependentTargetsInParallel = 1;
				LastSwiftUpdateCheck = 1320;
				LastUpgradeCheck = 1320;
				TargetAttributes = {
					9F1F752A27DE7A280054879E = {
						CreatedOnToolsVersion = 13.2.1;
					};
					9F1F754327DE7A2C0054879E = {
						CreatedOnToolsVersion = 13.2.1;
						TestTargetID = 9F1F752A27DE7A280054879E;
					};
					9F1F754D27DE7A2C0054879E = {
						CreatedOnToolsVersion = 13.2.1;
						TestTargetID = 9F1F752A27DE7A280054879E;
					};
				};
			};
			buildConfigurationList = 9F1F752627DE7A280054879E /* Build configuration list for PBXProject "shortly" */;
			compatibilityVersion = "Xcode 13.0";
			developmentRegion = en;
			hasScannedForEncodings = 0;
			knownRegions = (
				en,
				Base,
			);
			mainGroup = 9F1F752227DE7A280054879E;
			productRefGroup = 9F1F752C27DE7A280054879E /* Products */;
			projectDirPath = "";
			projectRoot = "";
			targets = (
				9F1F752A27DE7A280054879E /* shortly */,
				9F1F754327DE7A2C0054879E /* shortlyTests */,
				9F1F754D27DE7A2C0054879E /* shortlyUITests */,
			);
		};
/* End PBXProject section */

/* Begin PBXResourcesBuildPhase section */
		9F1F752927DE7A280054879E /* Resources */ = {
			isa = PBXResourcesBuildPhase;
			buildActionMask = 2147483647;
			files = (
				9F1F753E27DE7A2C0054879E /* LaunchScreen.storyboard in Resources */,
				9F1F753B27DE7A2C0054879E /* Assets.xcassets in Resources */,
				9F1F753627DE7A280054879E /* Main.storyboard in Resources */,
			);
			runOnlyForDeploymentPostprocessing = 0;
		};
		9F1F754227DE7A2C0054879E /* Resources */ = {
			isa = PBXResourcesBuildPhase;
			buildActionMask = 2147483647;
			files = (
			);
			runOnlyForDeploymentPostprocessing = 0;
		};
		9F1F754C27DE7A2C0054879E /* Resources */ = {
			isa = PBXResourcesBuildPhase;
			buildActionMask = 2147483647;
			files = (
			);
			runOnlyForDeploymentPostprocessing = 0;
		};
/* End PBXResourcesBuildPhase section */

/* Begin PBXShellScriptBuildPhase section */
		1DE9F08210CB32C944587532 /* [CP] Embed Pods Frameworks */ = {
			isa = PBXShellScriptBuildPhase;
			buildActionMask = 2147483647;
			files = (
			);
			inputFileListPaths = (
				"${PODS_ROOT}/Target Support Files/Pods-shortly/Pods-shortly-frameworks-${CONFIGURATION}-input-files.xcfilelist",
			);
			name = "[CP] Embed Pods Frameworks";
			outputFileListPaths = (
				"${PODS_ROOT}/Target Support Files/Pods-shortly/Pods-shortly-frameworks-${CONFIGURATION}-output-files.xcfilelist",
			);
			runOnlyForDeploymentPostprocessing = 0;
			shellPath = /bin/sh;
			shellScript = "\"${PODS_ROOT}/Target Support Files/Pods-shortly/Pods-shortly-frameworks.sh\"\n";
			showEnvVarsInLog = 0;
		};
		368874A5C5000862645A72B5 /* [CP] Check Pods Manifest.lock */ = {
			isa = PBXShellScriptBuildPhase;
			buildActionMask = 2147483647;
			files = (
			);
			inputFileListPaths = (
			);
			inputPaths = (
				"${PODS_PODFILE_DIR_PATH}/Podfile.lock",
				"${PODS_ROOT}/Manifest.lock",
			);
			name = "[CP] Check Pods Manifest.lock";
			outputFileListPaths = (
			);
			outputPaths = (
				"$(DERIVED_FILE_DIR)/Pods-shortlyTests-checkManifestLockResult.txt",
			);
			runOnlyForDeploymentPostprocessing = 0;
			shellPath = /bin/sh;
			shellScript = "diff \"${PODS_PODFILE_DIR_PATH}/Podfile.lock\" \"${PODS_ROOT}/Manifest.lock\" > /dev/null\nif [ $? != 0 ] ; then\n    # print error to STDERR\n    echo \"error: The sandbox is not in sync with the Podfile.lock. Run 'pod install' or update your CocoaPods installation.\" >&2\n    exit 1\nfi\n# This output is used by Xcode 'outputs' to avoid re-running this script phase.\necho \"SUCCESS\" > \"${SCRIPT_OUTPUT_FILE_0}\"\n";
			showEnvVarsInLog = 0;
		};
		509C658B0E08C00A7C51DCC2 /* [CP] Embed Pods Frameworks */ = {
			isa = PBXShellScriptBuildPhase;
			buildActionMask = 2147483647;
			files = (
			);
			inputFileListPaths = (
				"${PODS_ROOT}/Target Support Files/Pods-shortly-shortlyUITests/Pods-shortly-shortlyUITests-frameworks-${CONFIGURATION}-input-files.xcfilelist",
			);
			name = "[CP] Embed Pods Frameworks";
			outputFileListPaths = (
				"${PODS_ROOT}/Target Support Files/Pods-shortly-shortlyUITests/Pods-shortly-shortlyUITests-frameworks-${CONFIGURATION}-output-files.xcfilelist",
			);
			runOnlyForDeploymentPostprocessing = 0;
			shellPath = /bin/sh;
			shellScript = "\"${PODS_ROOT}/Target Support Files/Pods-shortly-shortlyUITests/Pods-shortly-shortlyUITests-frameworks.sh\"\n";
			showEnvVarsInLog = 0;
		};
		57293E6DFD1040F5A1E0F818 /* [CP] Check Pods Manifest.lock */ = {
			isa = PBXShellScriptBuildPhase;
			buildActionMask = 2147483647;
			files = (
			);
			inputFileListPaths = (
			);
			inputPaths = (
				"${PODS_PODFILE_DIR_PATH}/Podfile.lock",
				"${PODS_ROOT}/Manifest.lock",
			);
			name = "[CP] Check Pods Manifest.lock";
			outputFileListPaths = (
			);
			outputPaths = (
				"$(DERIVED_FILE_DIR)/Pods-shortly-checkManifestLockResult.txt",
			);
			runOnlyForDeploymentPostprocessing = 0;
			shellPath = /bin/sh;
			shellScript = "diff \"${PODS_PODFILE_DIR_PATH}/Podfile.lock\" \"${PODS_ROOT}/Manifest.lock\" > /dev/null\nif [ $? != 0 ] ; then\n    # print error to STDERR\n    echo \"error: The sandbox is not in sync with the Podfile.lock. Run 'pod install' or update your CocoaPods installation.\" >&2\n    exit 1\nfi\n# This output is used by Xcode 'outputs' to avoid re-running this script phase.\necho \"SUCCESS\" > \"${SCRIPT_OUTPUT_FILE_0}\"\n";
			showEnvVarsInLog = 0;
		};
		FB81FC7DBAB10685CE4904AA /* [CP] Check Pods Manifest.lock */ = {
			isa = PBXShellScriptBuildPhase;
			buildActionMask = 2147483647;
			files = (
			);
			inputFileListPaths = (
			);
			inputPaths = (
				"${PODS_PODFILE_DIR_PATH}/Podfile.lock",
				"${PODS_ROOT}/Manifest.lock",
			);
			name = "[CP] Check Pods Manifest.lock";
			outputFileListPaths = (
			);
			outputPaths = (
				"$(DERIVED_FILE_DIR)/Pods-shortly-shortlyUITests-checkManifestLockResult.txt",
			);
			runOnlyForDeploymentPostprocessing = 0;
			shellPath = /bin/sh;
			shellScript = "diff \"${PODS_PODFILE_DIR_PATH}/Podfile.lock\" \"${PODS_ROOT}/Manifest.lock\" > /dev/null\nif [ $? != 0 ] ; then\n    # print error to STDERR\n    echo \"error: The sandbox is not in sync with the Podfile.lock. Run 'pod install' or update your CocoaPods installation.\" >&2\n    exit 1\nfi\n# This output is used by Xcode 'outputs' to avoid re-running this script phase.\necho \"SUCCESS\" > \"${SCRIPT_OUTPUT_FILE_0}\"\n";
			showEnvVarsInLog = 0;
		};
/* End PBXShellScriptBuildPhase section */

/* Begin PBXSourcesBuildPhase section */
		9F1F752727DE7A280054879E /* Sources */ = {
			isa = PBXSourcesBuildPhase;
			buildActionMask = 2147483647;
			files = (
				9F01160027DFA354005B0EBE /* ViewControllerlinkList.swift in Sources */,
				9F1F756227DE82E10054879E /* TableViewControllerhome.swift in Sources */,
				9F1F756627DE8B780054879E /* TableViewControllertwopages.swift in Sources */,
				9F1F756827DEA5D30054879E /* CollectionViewCell.swift in Sources */,
				9F1F753927DE7A280054879E /* shortly.xcdatamodeld in Sources */,
				9F1F752F27DE7A280054879E /* AppDelegate.swift in Sources */,
				9F1F753127DE7A280054879E /* SceneDelegate.swift in Sources */,
				9F0115FA27DF7792005B0EBE /* linkList.swift in Sources */,
				9F1F756A27DEA8980054879E /* collection.swift in Sources */,
			);
			runOnlyForDeploymentPostprocessing = 0;
		};
		9F1F754027DE7A2C0054879E /* Sources */ = {
			isa = PBXSourcesBuildPhase;
			buildActionMask = 2147483647;
			files = (
				9F1F754927DE7A2C0054879E /* shortlyTests.swift in Sources */,
			);
			runOnlyForDeploymentPostprocessing = 0;
		};
		9F1F754A27DE7A2C0054879E /* Sources */ = {
			isa = PBXSourcesBuildPhase;
			buildActionMask = 2147483647;
			files = (
				9F1F755527DE7A2C0054879E /* shortlyUITestsLaunchTests.swift in Sources */,
				9F1F755327DE7A2C0054879E /* shortlyUITests.swift in Sources */,
			);
			runOnlyForDeploymentPostprocessing = 0;
		};
/* End PBXSourcesBuildPhase section */

/* Begin PBXTargetDependency section */
		9F1F754627DE7A2C0054879E /* PBXTargetDependency */ = {
			isa = PBXTargetDependency;
			target = 9F1F752A27DE7A280054879E /* shortly */;
			targetProxy = 9F1F754527DE7A2C0054879E /* PBXContainerItemProxy */;
		};
		9F1F755027DE7A2C0054879E /* PBXTargetDependency */ = {
			isa = PBXTargetDependency;
			target = 9F1F752A27DE7A280054879E /* shortly */;
			targetProxy = 9F1F754F27DE7A2C0054879E /* PBXContainerItemProxy */;
		};
/* End PBXTargetDependency section */

/* Begin PBXVariantGroup section */
		9F1F753427DE7A280054879E /* Main.storyboard */ = {
			isa = PBXVariantGroup;
			children = (
				9F1F753527DE7A280054879E /* Base */,
			);
			name = Main.storyboard;
			sourceTree = "<group>";
		};
		9F1F753C27DE7A2C0054879E /* LaunchScreen.storyboard */ = {
			isa = PBXVariantGroup;
			children = (
				9F1F753D27DE7A2C0054879E /* Base */,
			);
			name = LaunchScreen.storyboard;
			sourceTree = "<group>";
		};
/* End PBXVariantGroup section */

/* Begin XCBuildConfiguration section */
		9F1F755627DE7A2C0054879E /* Debug */ = {
			isa = XCBuildConfiguration;
			buildSettings = {
				ALWAYS_SEARCH_USER_PATHS = NO;
				CLANG_ANALYZER_NONNULL = YES;
				CLANG_ANALYZER_NUMBER_OBJECT_CONVERSION = YES_AGGRESSIVE;
				CLANG_CXX_LANGUAGE_STANDARD = "gnu++17";
				CLANG_CXX_LIBRARY = "libc++";
				CLANG_ENABLE_MODULES = YES;
				CLANG_ENABLE_OBJC_ARC = YES;
				CLANG_ENABLE_OBJC_WEAK = YES;
				CLANG_WARN_BLOCK_CAPTURE_AUTORELEASING = YES;
				CLANG_WARN_BOOL_CONVERSION = YES;
				CLANG_WARN_COMMA = YES;
				CLANG_WARN_CONSTANT_CONVERSION = YES;
				CLANG_WARN_DEPRECATED_OBJC_IMPLEMENTATIONS = YES;
				CLANG_WARN_DIRECT_OBJC_ISA_USAGE = YES_ERROR;
				CLANG_WARN_DOCUMENTATION_COMMENTS = YES;
				CLANG_WARN_EMPTY_BODY = YES;
				CLANG_WARN_ENUM_CONVERSION = YES;
				CLANG_WARN_INFINITE_RECURSION = YES;
				CLANG_WARN_INT_CONVERSION = YES;
				CLANG_WARN_NON_LITERAL_NULL_CONVERSION = YES;
				CLANG_WARN_OBJC_IMPLICIT_RETAIN_SELF = YES;
				CLANG_WARN_OBJC_LITERAL_CONVERSION = YES;
				CLANG_WARN_OBJC_ROOT_CLASS = YES_ERROR;
				CLANG_WARN_QUOTED_INCLUDE_IN_FRAMEWORK_HEADER = YES;
				CLANG_WARN_RANGE_LOOP_ANALYSIS = YES;
				CLANG_WARN_STRICT_PROTOTYPES = YES;
				CLANG_WARN_SUSPICIOUS_MOVE = YES;
				CLANG_WARN_UNGUARDED_AVAILABILITY = YES_AGGRESSIVE;
				CLANG_WARN_UNREACHABLE_CODE = YES;
				CLANG_WARN__DUPLICATE_METHOD_MATCH = YES;
				COPY_PHASE_STRIP = NO;
				DEBUG_INFORMATION_FORMAT = dwarf;
				ENABLE_STRICT_OBJC_MSGSEND = YES;
				ENABLE_TESTABILITY = YES;
				GCC_C_LANGUAGE_STANDARD = gnu11;
				GCC_DYNAMIC_NO_PIC = NO;
				GCC_NO_COMMON_BLOCKS = YES;
				GCC_OPTIMIZATION_LEVEL = 0;
				GCC_PREPROCESSOR_DEFINITIONS = (
					"DEBUG=1",
					"$(inherited)",
				);
				GCC_WARN_64_TO_32_BIT_CONVERSION = YES;
				GCC_WARN_ABOUT_RETURN_TYPE = YES_ERROR;
				GCC_WARN_UNDECLARED_SELECTOR = YES;
				GCC_WARN_UNINITIALIZED_AUTOS = YES_AGGRESSIVE;
				GCC_WARN_UNUSED_FUNCTION = YES;
				GCC_WARN_UNUSED_VARIABLE = YES;
				IPHONEOS_DEPLOYMENT_TARGET = 15.2;
				MTL_ENABLE_DEBUG_INFO = INCLUDE_SOURCE;
				MTL_FAST_MATH = YES;
				ONLY_ACTIVE_ARCH = YES;
				SDKROOT = iphoneos;
				SWIFT_ACTIVE_COMPILATION_CONDITIONS = DEBUG;
				SWIFT_OPTIMIZATION_LEVEL = "-Onone";
			};
			name = Debug;
		};
		9F1F755727DE7A2C0054879E /* Release */ = {
			isa = XCBuildConfiguration;
			buildSettings = {
				ALWAYS_SEARCH_USER_PATHS = NO;
				CLANG_ANALYZER_NONNULL = YES;
				CLANG_ANALYZER_NUMBER_OBJECT_CONVERSION = YES_AGGRESSIVE;
				CLANG_CXX_LANGUAGE_STANDARD = "gnu++17";
				CLANG_CXX_LIBRARY = "libc++";
				CLANG_ENABLE_MODULES = YES;
				CLANG_ENABLE_OBJC_ARC = YES;
				CLANG_ENABLE_OBJC_WEAK = YES;
				CLANG_WARN_BLOCK_CAPTURE_AUTORELEASING = YES;
				CLANG_WARN_BOOL_CONVERSION = YES;
				CLANG_WARN_COMMA = YES;
				CLANG_WARN_CONSTANT_CONVERSION = YES;
				CLANG_WARN_DEPRECATED_OBJC_IMPLEMENTATIONS = YES;
				CLANG_WARN_DIRECT_OBJC_ISA_USAGE = YES_ERROR;
				CLANG_WARN_DOCUMENTATION_COMMENTS = YES;
				CLANG_WARN_EMPTY_BODY = YES;
				CLANG_WARN_ENUM_CONVERSION = YES;
				CLANG_WARN_INFINITE_RECURSION = YES;
				CLANG_WARN_INT_CONVERSION = YES;
				CLANG_WARN_NON_LITERAL_NULL_CONVERSION = YES;
				CLANG_WARN_OBJC_IMPLICIT_RETAIN_SELF = YES;
				CLANG_WARN_OBJC_LITERAL_CONVERSION = YES;
				CLANG_WARN_OBJC_ROOT_CLASS = YES_ERROR;
				CLANG_WARN_QUOTED_INCLUDE_IN_FRAMEWORK_HEADER = YES;
				CLANG_WARN_RANGE_LOOP_ANALYSIS = YES;
				CLANG_WARN_STRICT_PROTOTYPES = YES;
				CLANG_WARN_SUSPICIOUS_MOVE = YES;
				CLANG_WARN_UNGUARDED_AVAILABILITY = YES_AGGRESSIVE;
				CLANG_WARN_UNREACHABLE_CODE = YES;
				CLANG_WARN__DUPLICATE_METHOD_MATCH = YES;
				COPY_PHASE_STRIP = NO;
				DEBUG_INFORMATION_FORMAT = "dwarf-with-dsym";
				ENABLE_NS_ASSERTIONS = NO;
				ENABLE_STRICT_OBJC_MSGSEND = YES;
				GCC_C_LANGUAGE_STANDARD = gnu11;
				GCC_NO_COMMON_BLOCKS = YES;
				GCC_WARN_64_TO_32_BIT_CONVERSION = YES;
				GCC_WARN_ABOUT_RETURN_TYPE = YES_ERROR;
				GCC_WARN_UNDECLARED_SELECTOR = YES;
				GCC_WARN_UNINITIALIZED_AUTOS = YES_AGGRESSIVE;
				GCC_WARN_UNUSED_FUNCTION = YES;
				GCC_WARN_UNUSED_VARIABLE = YES;
				IPHONEOS_DEPLOYMENT_TARGET = 15.2;
				MTL_ENABLE_DEBUG_INFO = NO;
				MTL_FAST_MATH = YES;
				SDKROOT = iphoneos;
				SWIFT_COMPILATION_MODE = wholemodule;
				SWIFT_OPTIMIZATION_LEVEL = "-O";
				VALIDATE_PRODUCT = YES;
			};
			name = Release;
		};
		9F1F755927DE7A2C0054879E /* Debug */ = {
			isa = XCBuildConfiguration;
			baseConfigurationReference = CFC3A11DF282C98F3ADFF5DB /* Pods-shortly.debug.xcconfig */;
			buildSettings = {
				ASSETCATALOG_COMPILER_APPICON_NAME = AppIcon;
				ASSETCATALOG_COMPILER_GLOBAL_ACCENT_COLOR_NAME = AccentColor;
				CODE_SIGN_STYLE = Automatic;
				CURRENT_PROJECT_VERSION = 1;
				DEVELOPMENT_TEAM = 37726QARMT;
				GENERATE_INFOPLIST_FILE = YES;
				INFOPLIST_FILE = shortly/Info.plist;
				INFOPLIST_KEY_UIApplicationSupportsIndirectInputEvents = YES;
				INFOPLIST_KEY_UILaunchStoryboardName = LaunchScreen;
				INFOPLIST_KEY_UIMainStoryboardFile = Main;
				INFOPLIST_KEY_UISupportedInterfaceOrientations_iPad = "UIInterfaceOrientationPortrait UIInterfaceOrientationPortraitUpsideDown UIInterfaceOrientationLandscapeLeft UIInterfaceOrientationLandscapeRight";
				INFOPLIST_KEY_UISupportedInterfaceOrientations_iPhone = "UIInterfaceOrientationPortrait UIInterfaceOrientationLandscapeLeft UIInterfaceOrientationLandscapeRight";
				LD_RUNPATH_SEARCH_PATHS = (
					"$(inherited)",
					"@executable_path/Frameworks",
				);
				MARKETING_VERSION = 1.0;
				PRODUCT_BUNDLE_IDENTIFIER = info.shortly;
				PRODUCT_NAME = "$(TARGET_NAME)";
				SWIFT_EMIT_LOC_STRINGS = YES;
				SWIFT_VERSION = 5.0;
				TARGETED_DEVICE_FAMILY = "1,2";
			};
			name = Debug;
		};
		9F1F755A27DE7A2C0054879E /* Release */ = {
			isa = XCBuildConfiguration;
			baseConfigurationReference = 7E3ECC7A48061C914B12F734 /* Pods-shortly.release.xcconfig */;
			buildSettings = {
				ASSETCATALOG_COMPILER_APPICON_NAME = AppIcon;
				ASSETCATALOG_COMPILER_GLOBAL_ACCENT_COLOR_NAME = AccentColor;
				CODE_SIGN_STYLE = Automatic;
				CURRENT_PROJECT_VERSION = 1;
				DEVELOPMENT_TEAM = 37726QARMT;
				GENERATE_INFOPLIST_FILE = YES;
				INFOPLIST_FILE = shortly/Info.plist;
				INFOPLIST_KEY_UIApplicationSupportsIndirectInputEvents = YES;
				INFOPLIST_KEY_UILaunchStoryboardName = LaunchScreen;
				INFOPLIST_KEY_UIMainStoryboardFile = Main;
				INFOPLIST_KEY_UISupportedInterfaceOrientations_iPad = "UIInterfaceOrientationPortrait UIInterfaceOrientationPortraitUpsideDown UIInterfaceOrientationLandscapeLeft UIInterfaceOrientationLandscapeRight";
				INFOPLIST_KEY_UISupportedInterfaceOrientations_iPhone = "UIInterfaceOrientationPortrait UIInterfaceOrientationLandscapeLeft UIInterfaceOrientationLandscapeRight";
				LD_RUNPATH_SEARCH_PATHS = (
					"$(inherited)",
					"@executable_path/Frameworks",
				);
				MARKETING_VERSION = 1.0;
				PRODUCT_BUNDLE_IDENTIFIER = info.shortly;
				PRODUCT_NAME = "$(TARGET_NAME)";
				SWIFT_EMIT_LOC_STRINGS = YES;
				SWIFT_VERSION = 5.0;
				TARGETED_DEVICE_FAMILY = "1,2";
			};
			name = Release;
		};
		9F1F755C27DE7A2C0054879E /* Debug */ = {
			isa = XCBuildConfiguration;
			baseConfigurationReference = 5161D30EDA5B804EE2285DB3 /* Pods-shortlyTests.debug.xcconfig */;
			buildSettings = {
				ALWAYS_EMBED_SWIFT_STANDARD_LIBRARIES = YES;
				BUNDLE_LOADER = "$(TEST_HOST)";
				CODE_SIGN_STYLE = Automatic;
				CURRENT_PROJECT_VERSION = 1;
				DEVELOPMENT_TEAM = 37726QARMT;
				GENERATE_INFOPLIST_FILE = YES;
				IPHONEOS_DEPLOYMENT_TARGET = 15.2;
				MARKETING_VERSION = 1.0;
				PRODUCT_BUNDLE_IDENTIFIER = info.shortlyTests;
				PRODUCT_NAME = "$(TARGET_NAME)";
				SWIFT_EMIT_LOC_STRINGS = NO;
				SWIFT_VERSION = 5.0;
				TARGETED_DEVICE_FAMILY = "1,2";
				TEST_HOST = "$(BUILT_PRODUCTS_DIR)/shortly.app/shortly";
			};
			name = Debug;
		};
		9F1F755D27DE7A2C0054879E /* Release */ = {
			isa = XCBuildConfiguration;
			baseConfigurationReference = 777A34127B05E2FEE757339E /* Pods-shortlyTests.release.xcconfig */;
			buildSettings = {
				ALWAYS_EMBED_SWIFT_STANDARD_LIBRARIES = YES;
				BUNDLE_LOADER = "$(TEST_HOST)";
				CODE_SIGN_STYLE = Automatic;
				CURRENT_PROJECT_VERSION = 1;
				DEVELOPMENT_TEAM = 37726QARMT;
				GENERATE_INFOPLIST_FILE = YES;
				IPHONEOS_DEPLOYMENT_TARGET = 15.2;
				MARKETING_VERSION = 1.0;
				PRODUCT_BUNDLE_IDENTIFIER = info.shortlyTests;
				PRODUCT_NAME = "$(TARGET_NAME)";
				SWIFT_EMIT_LOC_STRINGS = NO;
				SWIFT_VERSION = 5.0;
				TARGETED_DEVICE_FAMILY = "1,2";
				TEST_HOST = "$(BUILT_PRODUCTS_DIR)/shortly.app/shortly";
			};
			name = Release;
		};
		9F1F755F27DE7A2C0054879E /* Debug */ = {
			isa = XCBuildConfiguration;
			baseConfigurationReference = 717235FCBF7A887E713E9CEB /* Pods-shortly-shortlyUITests.debug.xcconfig */;
			buildSettings = {
				ALWAYS_EMBED_SWIFT_STANDARD_LIBRARIES = YES;
				CODE_SIGN_STYLE = Automatic;
				CURRENT_PROJECT_VERSION = 1;
				DEVELOPMENT_TEAM = 37726QARMT;
				GENERATE_INFOPLIST_FILE = YES;
				MARKETING_VERSION = 1.0;
				PRODUCT_BUNDLE_IDENTIFIER = info.shortlyUITests;
				PRODUCT_NAME = "$(TARGET_NAME)";
				SWIFT_EMIT_LOC_STRINGS = NO;
				SWIFT_VERSION = 5.0;
				TARGETED_DEVICE_FAMILY = "1,2";
				TEST_TARGET_NAME = shortly;
			};
			name = Debug;
		};
		9F1F756027DE7A2C0054879E /* Release */ = {
			isa = XCBuildConfiguration;
			baseConfigurationReference = B5A9A87A8EE7013FA995B4B2 /* Pods-shortly-shortlyUITests.release.xcconfig */;
			buildSettings = {
				ALWAYS_EMBED_SWIFT_STANDARD_LIBRARIES = YES;
				CODE_SIGN_STYLE = Automatic;
				CURRENT_PROJECT_VERSION = 1;
				DEVELOPMENT_TEAM = 37726QARMT;
				GENERATE_INFOPLIST_FILE = YES;
				MARKETING_VERSION = 1.0;
				PRODUCT_BUNDLE_IDENTIFIER = info.shortlyUITests;
				PRODUCT_NAME = "$(TARGET_NAME)";
				SWIFT_EMIT_LOC_STRINGS = NO;
				SWIFT_VERSION = 5.0;
				TARGETED_DEVICE_FAMILY = "1,2";
				TEST_TARGET_NAME = shortly;
			};
			name = Release;
		};
/* End XCBuildConfiguration section */

/* Begin XCConfigurationList section */
		9F1F752627DE7A280054879E /* Build configuration list for PBXProject "shortly" */ = {
			isa = XCConfigurationList;
			buildConfigurations = (
				9F1F755627DE7A2C0054879E /* Debug */,
				9F1F755727DE7A2C0054879E /* Release */,
			);
			defaultConfigurationIsVisible = 0;
			defaultConfigurationName = Release;
		};
		9F1F755827DE7A2C0054879E /* Build configuration list for PBXNativeTarget "shortly" */ = {
			isa = XCConfigurationList;
			buildConfigurations = (
				9F1F755927DE7A2C0054879E /* Debug */,
				9F1F755A27DE7A2C0054879E /* Release */,
			);
			defaultConfigurationIsVisible = 0;
			defaultConfigurationName = Release;
		};
		9F1F755B27DE7A2C0054879E /* Build configuration list for PBXNativeTarget "shortlyTests" */ = {
			isa = XCConfigurationList;
			buildConfigurations = (
				9F1F755C27DE7A2C0054879E /* Debug */,
				9F1F755D27DE7A2C0054879E /* Release */,
			);
			defaultConfigurationIsVisible = 0;
			defaultConfigurationName = Release;
		};
		9F1F755E27DE7A2C0054879E /* Build configuration list for PBXNativeTarget "shortlyUITests" */ = {
			isa = XCConfigurationList;
			buildConfigurations = (
				9F1F755F27DE7A2C0054879E /* Debug */,
				9F1F756027DE7A2C0054879E /* Release */,
			);
			defaultConfigurationIsVisible = 0;
			defaultConfigurationName = Release;
		};
/* End XCConfigurationList section */

/* Begin XCVersionGroup section */
		9F1F753727DE7A280054879E /* shortly.xcdatamodeld */ = {
			isa = XCVersionGroup;
			children = (
				9F1F753827DE7A280054879E /* shortly.xcdatamodel */,
			);
			currentVersion = 9F1F753827DE7A280054879E /* shortly.xcdatamodel */;
			path = shortly.xcdatamodeld;
			sourceTree = "<group>";
			versionGroupType = wrapper.xcdatamodel;
		};
/* End XCVersionGroup section */
	};
	rootObject = 9F1F752327DE7A280054879E /* Project object */;
}
